
Microsoft Visual Studio Solution File, Format Version 12.00
# Visual Studio 15
VisualStudioVersion = 15.0.28307.421
MinimumVisualStudioVersion = 10.0.40219.1
Project("{FAE04EC0-301F-11D3-BF4B-00C04F79EFBC}") = "Dispatcher", "Dispatcher\Dispatcher.csproj", "{AA25C4E2-2AFC-4EBC-BBD5-1A2F89B28509}"
EndProject
Global
	GlobalSection(SolutionConfigurationPlatforms) = preSolution
		Debug|Any CPU = Debug|Any CPU
		Release|Any CPU = Release|Any CPU
	EndGlobalSection
	GlobalSection(ProjectConfigurationPlatforms) = postSolution
		{AA25C4E2-2AFC-4EBC-BBD5-1A2F89B28509}.Debug|Any CPU.ActiveCfg = Debug|Any CPU
		{AA25C4E2-2AFC-4EBC-BBD5-1A2F89B28509}.Debug|Any CPU.Build.0 = Debug|Any CPU
		{AA25C4E2-2AFC-4EBC-BBD5-1A2F89B28509}.Release|Any CPU.ActiveCfg = Release|Any CPU
		{AA25C4E2-2AFC-4EBC-BBD5-1A2F89B28509}.Release|Any CPU.Build.0 = Release|Any CPU
	EndGlobalSection
	GlobalSection(SolutionProperties) = preSolution
		HideSolutionNode = FALSE
	EndGlobalSection
	GlobalSection(ExtensibilityGlobals) = postSolution
		SolutionGuid = {DC73D0FE-17DE-4B4E-A62F-A251D9818731}
	EndGlobalSection
EndGlobal
